
Microsoft Visual Studio Solution File, Format Version 12.00
# Visual Studio Version 17
VisualStudioVersion = 17.7.34024.191
MinimumVisualStudioVersion = 10.0.40219.1
Project("{9A19103F-16F7-4668-BE54-9A1E7A4F7556}") = "WebAPIRepository", "src\Repository\WebAPIRepository.csproj", "{39894FD0-F4A7-4D1B-A499-F31E0EA6FCB2}"
EndProject
Project("{9A19103F-16F7-4668-BE54-9A1E7A4F7556}") = "WebAPIModels", "src\Models\WebAPIModels.csproj", "{953DA6DE-E9C1-48C3-8706-52B691E3F222}"
EndProject
Project("{9A19103F-16F7-4668-BE54-9A1E7A4F7556}") = "WebAPI", "src\API\WebAPI.csproj", "{EFD36F4B-54EA-4995-A013-D0D895FCBE5C}"
EndProject
Project("{E53339B2-1760-4266-BCC7-CA923CBCF16C}") = "docker-compose", "docker-compose.dcproj", "{35B7A8F4-A810-421F-8305-1DCD8EB678CC}"
EndProject
Project("{9A19103F-16F7-4668-BE54-9A1E7A4F7556}") = "WebAPITest", "src\WebAPITest\WebAPITest.csproj", "{386FB1E9-E680-4074-A064-F12809BA72B6}"
EndProject
Global
	GlobalSection(SolutionConfigurationPlatforms) = preSolution
		Debug|Any CPU = Debug|Any CPU
		Release|Any CPU = Release|Any CPU
	EndGlobalSection
	GlobalSection(ProjectConfigurationPlatforms) = postSolution
		{39894FD0-F4A7-4D1B-A499-F31E0EA6FCB2}.Debug|Any CPU.ActiveCfg = Debug|Any CPU
		{39894FD0-F4A7-4D1B-A499-F31E0EA6FCB2}.Debug|Any CPU.Build.0 = Debug|Any CPU
		{39894FD0-F4A7-4D1B-A499-F31E0EA6FCB2}.Release|Any CPU.ActiveCfg = Release|Any CPU
		{39894FD0-F4A7-4D1B-A499-F31E0EA6FCB2}.Release|Any CPU.Build.0 = Release|Any CPU
		{953DA6DE-E9C1-48C3-8706-52B691E3F222}.Debug|Any CPU.ActiveCfg = Debug|Any CPU
		{953DA6DE-E9C1-48C3-8706-52B691E3F222}.Debug|Any CPU.Build.0 = Debug|Any CPU
		{953DA6DE-E9C1-48C3-8706-52B691E3F222}.Release|Any CPU.ActiveCfg = Release|Any CPU
		{953DA6DE-E9C1-48C3-8706-52B691E3F222}.Release|Any CPU.Build.0 = Release|Any CPU
		{EFD36F4B-54EA-4995-A013-D0D895FCBE5C}.Debug|Any CPU.ActiveCfg = Debug|Any CPU
		{EFD36F4B-54EA-4995-A013-D0D895FCBE5C}.Debug|Any CPU.Build.0 = Debug|Any CPU
		{EFD36F4B-54EA-4995-A013-D0D895FCBE5C}.Release|Any CPU.ActiveCfg = Release|Any CPU
		{EFD36F4B-54EA-4995-A013-D0D895FCBE5C}.Release|Any CPU.Build.0 = Release|Any CPU
		{35B7A8F4-A810-421F-8305-1DCD8EB678CC}.Debug|Any CPU.ActiveCfg = Debug|Any CPU
		{35B7A8F4-A810-421F-8305-1DCD8EB678CC}.Debug|Any CPU.Build.0 = Debug|Any CPU
		{35B7A8F4-A810-421F-8305-1DCD8EB678CC}.Release|Any CPU.ActiveCfg = Release|Any CPU
		{35B7A8F4-A810-421F-8305-1DCD8EB678CC}.Release|Any CPU.Build.0 = Release|Any CPU
		{386FB1E9-E680-4074-A064-F12809BA72B6}.Debug|Any CPU.ActiveCfg = Debug|Any CPU
		{386FB1E9-E680-4074-A064-F12809BA72B6}.Debug|Any CPU.Build.0 = Debug|Any CPU
		{386FB1E9-E680-4074-A064-F12809BA72B6}.Release|Any CPU.ActiveCfg = Release|Any CPU
		{386FB1E9-E680-4074-A064-F12809BA72B6}.Release|Any CPU.Build.0 = Release|Any CPU
	EndGlobalSection
	GlobalSection(SolutionProperties) = preSolution
		HideSolutionNode = FALSE
	EndGlobalSection
	GlobalSection(ExtensibilityGlobals) = postSolution
		SolutionGuid = {B089537C-97FF-4D6D-86B3-5EB960BA47FE}
	EndGlobalSection
EndGlobal
